
Microsoft Visual Studio Solution File, Format Version 11.00
# Visual Studio 2010
Project("{FAE04EC0-301F-11D3-BF4B-00C04F79EFBC}") = "RoosterAndroid", "RoosterAndroid.csproj", "{DB89EDF0-F7CA-4BF0-AC3E-4F5B8BA02E65}"
EndProject
Project("{FAE04EC0-301F-11D3-BF4B-00C04F79EFBC}") = "RoosterBackend", "..\..\RoosterBackend\RoosterBackend\RoosterBackend.csproj", "{04274778-038F-40A0-BA8B-F3F3C1FB3C0E}"
EndProject
Global
	GlobalSection(SolutionConfigurationPlatforms) = preSolution
		Debug|Any CPU = Debug|Any CPU
		Release|Any CPU = Release|Any CPU
	EndGlobalSection
	GlobalSection(ProjectConfigurationPlatforms) = postSolution
		{04274778-038F-40A0-BA8B-F3F3C1FB3C0E}.Debug|Any CPU.ActiveCfg = Debug|Any CPU
		{04274778-038F-40A0-BA8B-F3F3C1FB3C0E}.Debug|Any CPU.Build.0 = Debug|Any CPU
		{04274778-038F-40A0-BA8B-F3F3C1FB3C0E}.Release|Any CPU.ActiveCfg = Release|Any CPU
		{04274778-038F-40A0-BA8B-F3F3C1FB3C0E}.Release|Any CPU.Build.0 = Release|Any CPU
		{DB89EDF0-F7CA-4BF0-AC3E-4F5B8BA02E65}.Debug|Any CPU.ActiveCfg = Debug|Any CPU
		{DB89EDF0-F7CA-4BF0-AC3E-4F5B8BA02E65}.Debug|Any CPU.Build.0 = Debug|Any CPU
		{DB89EDF0-F7CA-4BF0-AC3E-4F5B8BA02E65}.Release|Any CPU.ActiveCfg = Release|Any CPU
		{DB89EDF0-F7CA-4BF0-AC3E-4F5B8BA02E65}.Release|Any CPU.Build.0 = Release|Any CPU
	EndGlobalSection
EndGlobal
